// !$*UTF8*$!
{
	archiveVersion = 1;
	classes = {
	};
	objectVersion = 77;
	objects = {

/* Begin PBXBuildFile section */
		CECE0B642E15794800C28AA3 /* FirebaseAnalyticsWithoutAdIdSupport in Frameworks */ = {isa = PBXBuildFile; productRef = CECE0B632E15794800C28AA3 /* FirebaseAnalyticsWithoutAdIdSupport */; };
		CED445472E1572400056B849 /* FirebaseAnalytics in Frameworks */ = {isa = PBXBuildFile; productRef = CED445462E1572400056B849 /* FirebaseAnalytics */; };
		CED445492E1572400056B849 /* FirebaseAuth in Frameworks */ = {isa = PBXBuildFile; productRef = CED445482E1572400056B849 /* FirebaseAuth */; };
		CED4454B2E1572400056B849 /* FirebaseFirestore in Frameworks */ = {isa = PBXBuildFile; productRef = CED4454A2E1572400056B849 /* FirebaseFirestore */; };
		CED4454D2E1572400056B849 /* FirebaseStorage in Frameworks */ = {isa = PBXBuildFile; productRef = CED4454C2E1572400056B849 /* FirebaseStorage */; };
		CEF6CD5C2E1AFCA10004FD4F /* FirebaseStorageCombine-Community in Frameworks */ = {isa = PBXBuildFile; productRef = CEF6CD5B2E1AFCA10004FD4F /* FirebaseStorageCombine-Community */; };
/* End PBXBuildFile section */

/* Begin PBXContainerItemProxy section */
		CE6AB6A32DF7D0AF006085B4 /* PBXContainerItemProxy */ = {
			isa = PBXContainerItemProxy;
			containerPortal = CE6AB68C2DF7D0AE006085B4 /* Project object */;
			proxyType = 1;
			remoteGlobalIDString = CE6AB6932DF7D0AE006085B4;
			remoteInfo = ArkadTrader;
		};
		CE6AB6AD2DF7D0AF006085B4 /* PBXContainerItemProxy */ = {
			isa = PBXContainerItemProxy;
			containerPortal = CE6AB68C2DF7D0AE006085B4 /* Project object */;
			proxyType = 1;
			remoteGlobalIDString = CE6AB6932DF7D0AE006085B4;
			remoteInfo = ArkadTrader;
		};
/* End PBXContainerItemProxy section */

/* Begin PBXFileReference section */
		CED442912E027AFC0056B849 /* ArkadTrader.app */ = {isa = PBXFileReference; explicitFileType = wrapper.application; includeInIndex = 0; path = ArkadTrader.app; sourceTree = BUILT_PRODUCTS_DIR; };
		CED442922E027AFC0056B849 /* ArkadTraderTests.xctest */ = {isa = PBXFileReference; explicitFileType = wrapper.cfbundle; includeInIndex = 0; path = ArkadTraderTests.xctest; sourceTree = BUILT_PRODUCTS_DIR; };
		CED442932E027AFC0056B849 /* ArkadTraderUITests.xctest */ = {isa = PBXFileReference; explicitFileType = wrapper.cfbundle; includeInIndex = 0; path = ArkadTraderUITests.xctest; sourceTree = BUILT_PRODUCTS_DIR; };
		CEF6CD622E1B17C10004FD4F /* ArkadTrader.entitlements */ = {isa = PBXFileReference; lastKnownFileType = text.plist.entitlements; path = ArkadTrader.entitlements; sourceTree = "<group>"; };
/* End PBXFileReference section */

/* Begin PBXFileSystemSynchronizedBuildFileExceptionSet section */
		CE16D5A62E1CD5380062BCBD /* Exceptions for "Resources" folder in "ArkadTrader" target */ = {
			isa = PBXFileSystemSynchronizedBuildFileExceptionSet;
			membershipExceptions = (
				assets.xcassets,
			);
			target = CE6AB6932DF7D0AE006085B4 /* ArkadTrader */;
		};
		CED443042E028B970056B849 /* Exceptions for "Shared" folder in "ArkadTrader" target */ = {
			isa = PBXFileSystemSynchronizedBuildFileExceptionSet;
			membershipExceptions = (
				Components/CustomButton.swift,
				Components/CustomTextField.swift,
				Components/LoadingView.swift,
				Components/SearchComponents.swift,
				Components/TabBarView.swift,
				Components/TradeComponents.swift,
				"Extensions/Color+Extensions.swift",
				"Extensions/Date+Extensions.swift",
				"Extensions/Double+Extensions.swift",
				"Extensions/View+Extensions.swift",
				Models/Community.swift,
				Models/LeaderboardEntry.swift,
				Models/Message.swift,
				Models/Portfolio.swift,
				Models/Post.swift,
				Models/SearchModels.swift,
				Models/SearchSupportType.swift,
				Models/Trade.swift,
				Models/TradingEnums.swift,
				Models/User.swift,
				Services/DataService.swift,
				Services/FirebaseAuthService.swift,
				Services/FirebaseServices.swift,
			);
			target = CE6AB6932DF7D0AE006085B4 /* ArkadTrader */;
		};
		CED443052E028B970056B849 /* Exceptions for "Core" folder in "ArkadTrader" target */ = {
			isa = PBXFileSystemSynchronizedBuildFileExceptionSet;
			membershipExceptions = (
				Authentication/ViewModels/AuthViewModel.swift,
				Authentication/Views/ForgotPasswordView.swift,
				Authentication/Views/LoginView.swift,
				Authentication/Views/OnboardingView.swift,
				Authentication/Views/RegisterView.swift,
				Communities/Views/CommunitiesView.swift,
				Home/ViewModels/HomeViewModel.swift,
				Home/Views/CreatePostView.swift,
				Home/Views/EmptyFeedView.swift,
				Home/Views/FeedView.swift,
				Home/Views/HomeView.swift,
				Home/Views/MarketNewsFeedView.swift,
				Home/Views/SocialFeedView.swift,
				Home/Views/UserPostCard.swift,
				Leaderboard/ViewModels/LeaderboardViewModel.swift,
				Leaderboard/Views/LeaderboardRowView.swift,
				Leaderboard/Views/LeaderboardView.swift,
				Messaging/Views/MessagingView.swift,
				Portfolio/ViewModels/PortfolioViewModel.swift,
				Portfolio/Views/AllTradesView.swift,
				Portfolio/Views/EnhancedTradeDetailView.swift,
				Portfolio/Views/PortfolioView.swift,
				Portfolio/Views/TradeManagementViews.swift,
				Portfolio/Views/TradeRowView.swift,
				Profile/ViewModels/ProfileViewModel.swift,
				Profile/Views/EditProfileView.swift,
				Profile/Views/ProfileComponents.swift,
				Profile/Views/ProfileTabContents.swift,
				Profile/Views/ProfileView.swift,
				Profile/Views/UserListView.swift,
				Search/ViewModel/SearchViewModel.swift,
				Search/Views/SearchResultView.swift,
				Search/Views/SearchView.swift,
			);
			target = CE6AB6932DF7D0AE006085B4 /* ArkadTrader */;
		};
		CED443062E028B970056B849 /* Exceptions for "App" folder in "ArkadTrader" target */ = {
			isa = PBXFileSystemSynchronizedBuildFileExceptionSet;
			membershipExceptions = (
				ArkadTraderApp.swift,
				ContentView.swift,
				"GoogleService-Info.plist",
			);
			target = CE6AB6932DF7D0AE006085B4 /* ArkadTrader */;
		};
/* End PBXFileSystemSynchronizedBuildFileExceptionSet section */

/* Begin PBXFileSystemSynchronizedRootGroup section */
		CED4423E2E026DC40056B849 /* App */ = {
			isa = PBXFileSystemSynchronizedRootGroup;
			exceptions = (
				CED443062E028B970056B849 /* Exceptions for "App" folder in "ArkadTrader" target */,
			);
			path = App;
			sourceTree = "<group>";
		};
		CED442422E026E2F0056B849 /* Core */ = {
			isa = PBXFileSystemSynchronizedRootGroup;
			exceptions = (
				CED443052E028B970056B849 /* Exceptions for "Core" folder in "ArkadTrader" target */,
			);
			path = Core;
			sourceTree = "<group>";
		};
		CED442692E0271190056B849 /* Shared */ = {
			isa = PBXFileSystemSynchronizedRootGroup;
			exceptions = (
				CED443042E028B970056B849 /* Exceptions for "Shared" folder in "ArkadTrader" target */,
			);
			path = Shared;
			sourceTree = "<group>";
		};
		CED4427F2E0272120056B849 /* Resources */ = {
			isa = PBXFileSystemSynchronizedRootGroup;
			exceptions = (
				CE16D5A62E1CD5380062BCBD /* Exceptions for "Resources" folder in "ArkadTrader" target */,
			);
			path = Resources;
			sourceTree = "<group>";
		};
		CED442892E0272E10056B849 /* Tests */ = {
			isa = PBXFileSystemSynchronizedRootGroup;
			path = Tests;
			sourceTree = "<group>";
		};
/* End PBXFileSystemSynchronizedRootGroup section */

/* Begin PBXFrameworksBuildPhase section */
		CE6AB6912DF7D0AE006085B4 /* Frameworks */ = {
			isa = PBXFrameworksBuildPhase;
			buildActionMask = 2147483647;
			files = (
				CED445472E1572400056B849 /* FirebaseAnalytics in Frameworks */,
				CECE0B642E15794800C28AA3 /* FirebaseAnalyticsWithoutAdIdSupport in Frameworks */,
				CED4454D2E1572400056B849 /* FirebaseStorage in Frameworks */,
				CED445492E1572400056B849 /* FirebaseAuth in Frameworks */,
				CEF6CD5C2E1AFCA10004FD4F /* FirebaseStorageCombine-Community in Frameworks */,
				CED4454B2E1572400056B849 /* FirebaseFirestore in Frameworks */,
			);
			runOnlyForDeploymentPostprocessing = 0;
		};
		CE6AB69F2DF7D0AF006085B4 /* Frameworks */ = {
			isa = PBXFrameworksBuildPhase;
			buildActionMask = 2147483647;
			files = (
			);
			runOnlyForDeploymentPostprocessing = 0;
		};
		CE6AB6A92DF7D0AF006085B4 /* Frameworks */ = {
			isa = PBXFrameworksBuildPhase;
			buildActionMask = 2147483647;
			files = (
			);
			runOnlyForDeploymentPostprocessing = 0;
		};
/* End PBXFrameworksBuildPhase section */

/* Begin PBXGroup section */
		CE6AB68B2DF7D0AE006085B4 = {
			isa = PBXGroup;
			children = (
				CEF6CD622E1B17C10004FD4F /* ArkadTrader.entitlements */,
				CED442692E0271190056B849 /* Shared */,
				CED442422E026E2F0056B849 /* Core */,
				CED4423E2E026DC40056B849 /* App */,
				CED4427F2E0272120056B849 /* Resources */,
				CED442892E0272E10056B849 /* Tests */,
				CED442912E027AFC0056B849 /* ArkadTrader.app */,
				CED442922E027AFC0056B849 /* ArkadTraderTests.xctest */,
				CED442932E027AFC0056B849 /* ArkadTraderUITests.xctest */,
			);
			sourceTree = "<group>";
		};
/* End PBXGroup section */

/* Begin PBXNativeTarget section */
		CE6AB6932DF7D0AE006085B4 /* ArkadTrader */ = {
			isa = PBXNativeTarget;
			buildConfigurationList = CE6AB6B62DF7D0B0006085B4 /* Build configuration list for PBXNativeTarget "ArkadTrader" */;
			buildPhases = (
				CE6AB6902DF7D0AE006085B4 /* Sources */,
				CE6AB6912DF7D0AE006085B4 /* Frameworks */,
				CE6AB6922DF7D0AE006085B4 /* Resources */,
			);
			buildRules = (
			);
			dependencies = (
			);
			name = ArkadTrader;
			packageProductDependencies = (
				CED445462E1572400056B849 /* FirebaseAnalytics */,
				CED445482E1572400056B849 /* FirebaseAuth */,
				CED4454A2E1572400056B849 /* FirebaseFirestore */,
				CED4454C2E1572400056B849 /* FirebaseStorage */,
				CECE0B632E15794800C28AA3 /* FirebaseAnalyticsWithoutAdIdSupport */,
				CEF6CD5B2E1AFCA10004FD4F /* FirebaseStorageCombine-Community */,
			);
			productName = ArkadTrader;
			productReference = CED442912E027AFC0056B849 /* ArkadTrader.app */;
			productType = "com.apple.product-type.application";
		};
		CE6AB6A12DF7D0AF006085B4 /* ArkadTraderTests */ = {
			isa = PBXNativeTarget;
			buildConfigurationList = CE6AB6B92DF7D0B0006085B4 /* Build configuration list for PBXNativeTarget "ArkadTraderTests" */;
			buildPhases = (
				CE6AB69E2DF7D0AF006085B4 /* Sources */,
				CE6AB69F2DF7D0AF006085B4 /* Frameworks */,
				CE6AB6A02DF7D0AF006085B4 /* Resources */,
			);
			buildRules = (
			);
			dependencies = (
				CE6AB6A42DF7D0AF006085B4 /* PBXTargetDependency */,
			);
			name = ArkadTraderTests;
			packageProductDependencies = (
			);
			productName = ArkadTraderTests;
			productReference = CED442922E027AFC0056B849 /* ArkadTraderTests.xctest */;
			productType = "com.apple.product-type.bundle.unit-test";
		};
		CE6AB6AB2DF7D0AF006085B4 /* ArkadTraderUITests */ = {
			isa = PBXNativeTarget;
			buildConfigurationList = CE6AB6BC2DF7D0B0006085B4 /* Build configuration list for PBXNativeTarget "ArkadTraderUITests" */;
			buildPhases = (
				CE6AB6A82DF7D0AF006085B4 /* Sources */,
				CE6AB6A92DF7D0AF006085B4 /* Frameworks */,
				CE6AB6AA2DF7D0AF006085B4 /* Resources */,
			);
			buildRules = (
			);
			dependencies = (
				CE6AB6AE2DF7D0AF006085B4 /* PBXTargetDependency */,
			);
			name = ArkadTraderUITests;
			packageProductDependencies = (
			);
			productName = ArkadTraderUITests;
			productReference = CED442932E027AFC0056B849 /* ArkadTraderUITests.xctest */;
			productType = "com.apple.product-type.bundle.ui-testing";
		};
/* End PBXNativeTarget section */

/* Begin PBXProject section */
		CE6AB68C2DF7D0AE006085B4 /* Project object */ = {
			isa = PBXProject;
			attributes = {
				BuildIndependentTargetsInParallel = 1;
				LastSwiftUpdateCheck = 1640;
				LastUpgradeCheck = 1640;
				TargetAttributes = {
					CE6AB6932DF7D0AE006085B4 = {
						CreatedOnToolsVersion = 16.4;
					};
					CE6AB6A12DF7D0AF006085B4 = {
						CreatedOnToolsVersion = 16.4;
						TestTargetID = CE6AB6932DF7D0AE006085B4;
					};
					CE6AB6AB2DF7D0AF006085B4 = {
						CreatedOnToolsVersion = 16.4;
						TestTargetID = CE6AB6932DF7D0AE006085B4;
					};
				};
			};
			buildConfigurationList = CE6AB68F2DF7D0AE006085B4 /* Build configuration list for PBXProject "ArkadTrader" */;
			developmentRegion = en;
			hasScannedForEncodings = 0;
			knownRegions = (
				en,
				Base,
			);
			mainGroup = CE6AB68B2DF7D0AE006085B4;
			minimizedProjectReferenceProxies = 1;
			packageReferences = (
				CED445452E1572400056B849 /* XCRemoteSwiftPackageReference "firebase-ios-sdk" */,
			);
			preferredProjectObjectVersion = 77;
			productRefGroup = CE6AB68B2DF7D0AE006085B4;
			projectDirPath = "";
			projectRoot = "";
			targets = (
				CE6AB6932DF7D0AE006085B4 /* ArkadTrader */,
				CE6AB6A12DF7D0AF006085B4 /* ArkadTraderTests */,
				CE6AB6AB2DF7D0AF006085B4 /* ArkadTraderUITests */,
			);
		};
/* End PBXProject section */

/* Begin PBXResourcesBuildPhase section */
		CE6AB6922DF7D0AE006085B4 /* Resources */ = {
			isa = PBXResourcesBuildPhase;
			buildActionMask = 2147483647;
			files = (
			);
			runOnlyForDeploymentPostprocessing = 0;
		};
		CE6AB6A02DF7D0AF006085B4 /* Resources */ = {
			isa = PBXResourcesBuildPhase;
			buildActionMask = 2147483647;
			files = (
			);
			runOnlyForDeploymentPostprocessing = 0;
		};
		CE6AB6AA2DF7D0AF006085B4 /* Resources */ = {
			isa = PBXResourcesBuildPhase;
			buildActionMask = 2147483647;
			files = (
			);
			runOnlyForDeploymentPostprocessing = 0;
		};
/* End PBXResourcesBuildPhase section */

/* Begin PBXSourcesBuildPhase section */
		CE6AB6902DF7D0AE006085B4 /* Sources */ = {
			isa = PBXSourcesBuildPhase;
			buildActionMask = 2147483647;
			files = (
			);
			runOnlyForDeploymentPostprocessing = 0;
		};
		CE6AB69E2DF7D0AF006085B4 /* Sources */ = {
			isa = PBXSourcesBuildPhase;
			buildActionMask = 2147483647;
			files = (
			);
			runOnlyForDeploymentPostprocessing = 0;
		};
		CE6AB6A82DF7D0AF006085B4 /* Sources */ = {
			isa = PBXSourcesBuildPhase;
			buildActionMask = 2147483647;
			files = (
			);
			runOnlyForDeploymentPostprocessing = 0;
		};
/* End PBXSourcesBuildPhase section */

/* Begin PBXTargetDependency section */
		CE6AB6A42DF7D0AF006085B4 /* PBXTargetDependency */ = {
			isa = PBXTargetDependency;
			target = CE6AB6932DF7D0AE006085B4 /* ArkadTrader */;
			targetProxy = CE6AB6A32DF7D0AF006085B4 /* PBXContainerItemProxy */;
		};
		CE6AB6AE2DF7D0AF006085B4 /* PBXTargetDependency */ = {
			isa = PBXTargetDependency;
			target = CE6AB6932DF7D0AE006085B4 /* ArkadTrader */;
			targetProxy = CE6AB6AD2DF7D0AF006085B4 /* PBXContainerItemProxy */;
		};
/* End PBXTargetDependency section */

/* Begin XCBuildConfiguration section */
		CE6AB6B42DF7D0B0006085B4 /* Debug */ = {
			isa = XCBuildConfiguration;
			buildSettings = {
				ALWAYS_SEARCH_USER_PATHS = NO;
				ASSETCATALOG_COMPILER_GENERATE_SWIFT_ASSET_SYMBOL_EXTENSIONS = YES;
				CLANG_ANALYZER_NONNULL = YES;
				CLANG_ANALYZER_NUMBER_OBJECT_CONVERSION = YES_AGGRESSIVE;
				CLANG_CXX_LANGUAGE_STANDARD = "gnu++20";
				CLANG_ENABLE_MODULES = YES;
				CLANG_ENABLE_OBJC_ARC = YES;
				CLANG_ENABLE_OBJC_WEAK = YES;
				CLANG_WARN_BLOCK_CAPTURE_AUTORELEASING = YES;
				CLANG_WARN_BOOL_CONVERSION = YES;
				CLANG_WARN_COMMA = YES;
				CLANG_WARN_CONSTANT_CONVERSION = YES;
				CLANG_WARN_DEPRECATED_OBJC_IMPLEMENTATIONS = YES;
				CLANG_WARN_DIRECT_OBJC_ISA_USAGE = YES_ERROR;
				CLANG_WARN_DOCUMENTATION_COMMENTS = YES;
				CLANG_WARN_EMPTY_BODY = YES;
				CLANG_WARN_ENUM_CONVERSION = YES;
				CLANG_WARN_INFINITE_RECURSION = YES;
				CLANG_WARN_INT_CONVERSION = YES;
				CLANG_WARN_NON_LITERAL_NULL_CONVERSION = YES;
				CLANG_WARN_OBJC_IMPLICIT_RETAIN_SELF = YES;
				CLANG_WARN_OBJC_LITERAL_CONVERSION = YES;
				CLANG_WARN_OBJC_ROOT_CLASS = YES_ERROR;
				CLANG_WARN_QUOTED_INCLUDE_IN_FRAMEWORK_HEADER = YES;
				CLANG_WARN_RANGE_LOOP_ANALYSIS = YES;
				CLANG_WARN_STRICT_PROTOTYPES = YES;
				CLANG_WARN_SUSPICIOUS_MOVE = YES;
				CLANG_WARN_UNGUARDED_AVAILABILITY = YES_AGGRESSIVE;
				CLANG_WARN_UNREACHABLE_CODE = YES;
				CLANG_WARN__DUPLICATE_METHOD_MATCH = YES;
				CODE_SIGN_IDENTITY = "Apple Development";
				CODE_SIGN_INJECT_BASE_ENTITLEMENTS = NO;
				CODE_SIGN_STYLE = Manual;
				COPY_PHASE_STRIP = NO;
				DEBUG_INFORMATION_FORMAT = dwarf;
				DEVELOPMENT_TEAM = YK2X4PS574;
				ENABLE_STRICT_OBJC_MSGSEND = YES;
				ENABLE_TESTABILITY = YES;
				ENABLE_USER_SCRIPT_SANDBOXING = YES;
				GCC_C_LANGUAGE_STANDARD = gnu17;
				GCC_DYNAMIC_NO_PIC = NO;
				GCC_NO_COMMON_BLOCKS = YES;
				GCC_OPTIMIZATION_LEVEL = 0;
				GCC_PREPROCESSOR_DEFINITIONS = (
					"DEBUG=1",
					"$(inherited)",
				);
				GCC_WARN_64_TO_32_BIT_CONVERSION = YES;
				GCC_WARN_ABOUT_RETURN_TYPE = YES_ERROR;
				GCC_WARN_UNDECLARED_SELECTOR = YES;
				GCC_WARN_UNINITIALIZED_AUTOS = YES_AGGRESSIVE;
				GCC_WARN_UNUSED_FUNCTION = YES;
				GCC_WARN_UNUSED_VARIABLE = YES;
				LOCALIZATION_PREFERS_STRING_CATALOGS = YES;
				MTL_ENABLE_DEBUG_INFO = INCLUDE_SOURCE;
				MTL_FAST_MATH = YES;
				ONLY_ACTIVE_ARCH = YES;
				SWIFT_ACTIVE_COMPILATION_CONDITIONS = "DEBUG $(inherited)";
				SWIFT_OPTIMIZATION_LEVEL = "-Onone";
			};
			name = Debug;
		};
		CE6AB6B52DF7D0B0006085B4 /* Release */ = {
			isa = XCBuildConfiguration;
			buildSettings = {
				ALWAYS_SEARCH_USER_PATHS = NO;
				ASSETCATALOG_COMPILER_GENERATE_SWIFT_ASSET_SYMBOL_EXTENSIONS = YES;
				CLANG_ANALYZER_NONNULL = YES;
				CLANG_ANALYZER_NUMBER_OBJECT_CONVERSION = YES_AGGRESSIVE;
				CLANG_CXX_LANGUAGE_STANDARD = "gnu++20";
				CLANG_ENABLE_MODULES = YES;
				CLANG_ENABLE_OBJC_ARC = YES;
				CLANG_ENABLE_OBJC_WEAK = YES;
				CLANG_WARN_BLOCK_CAPTURE_AUTORELEASING = YES;
				CLANG_WARN_BOOL_CONVERSION = YES;
				CLANG_WARN_COMMA = YES;
				CLANG_WARN_CONSTANT_CONVERSION = YES;
				CLANG_WARN_DEPRECATED_OBJC_IMPLEMENTATIONS = YES;
				CLANG_WARN_DIRECT_OBJC_ISA_USAGE = YES_ERROR;
				CLANG_WARN_DOCUMENTATION_COMMENTS = YES;
				CLANG_WARN_EMPTY_BODY = YES;
				CLANG_WARN_ENUM_CONVERSION = YES;
				CLANG_WARN_INFINITE_RECURSION = YES;
				CLANG_WARN_INT_CONVERSION = YES;
				CLANG_WARN_NON_LITERAL_NULL_CONVERSION = YES;
				CLANG_WARN_OBJC_IMPLICIT_RETAIN_SELF = YES;
				CLANG_WARN_OBJC_LITERAL_CONVERSION = YES;
				CLANG_WARN_OBJC_ROOT_CLASS = YES_ERROR;
				CLANG_WARN_QUOTED_INCLUDE_IN_FRAMEWORK_HEADER = YES;
				CLANG_WARN_RANGE_LOOP_ANALYSIS = YES;
				CLANG_WARN_STRICT_PROTOTYPES = YES;
				CLANG_WARN_SUSPICIOUS_MOVE = YES;
				CLANG_WARN_UNGUARDED_AVAILABILITY = YES_AGGRESSIVE;
				CLANG_WARN_UNREACHABLE_CODE = YES;
				CLANG_WARN__DUPLICATE_METHOD_MATCH = YES;
				CODE_SIGN_IDENTITY = "Apple Development";
				CODE_SIGN_INJECT_BASE_ENTITLEMENTS = NO;
				CODE_SIGN_STYLE = Manual;
				COPY_PHASE_STRIP = NO;
				DEBUG_INFORMATION_FORMAT = "dwarf-with-dsym";
				DEVELOPMENT_TEAM = YK2X4PS574;
				ENABLE_NS_ASSERTIONS = NO;
				ENABLE_STRICT_OBJC_MSGSEND = YES;
				ENABLE_USER_SCRIPT_SANDBOXING = YES;
				GCC_C_LANGUAGE_STANDARD = gnu17;
				GCC_NO_COMMON_BLOCKS = YES;
				GCC_WARN_64_TO_32_BIT_CONVERSION = YES;
				GCC_WARN_ABOUT_RETURN_TYPE = YES_ERROR;
				GCC_WARN_UNDECLARED_SELECTOR = YES;
				GCC_WARN_UNINITIALIZED_AUTOS = YES_AGGRESSIVE;
				GCC_WARN_UNUSED_FUNCTION = YES;
				GCC_WARN_UNUSED_VARIABLE = YES;
				LOCALIZATION_PREFERS_STRING_CATALOGS = YES;
				MTL_ENABLE_DEBUG_INFO = NO;
				MTL_FAST_MATH = YES;
				SWIFT_COMPILATION_MODE = wholemodule;
			};
			name = Release;
		};
		CE6AB6B72DF7D0B0006085B4 /* Debug */ = {
			isa = XCBuildConfiguration;
			buildSettings = {
				ASSETCATALOG_COMPILER_APPICON_NAME = AppIcon;
				ASSETCATALOG_COMPILER_GLOBAL_ACCENT_COLOR_NAME = AccentColor;
				CODE_SIGN_ENTITLEMENTS = ArkadTrader.entitlements;
				"CODE_SIGN_IDENTITY[sdk=macosx*]" = "-";
				CODE_SIGN_STYLE = Automatic;
				CURRENT_PROJECT_VERSION = 1;
				DEVELOPMENT_TEAM = YK2X4PS574;
				ENABLE_HARDENED_RUNTIME = YES;
				ENABLE_PREVIEWS = YES;
				GENERATE_INFOPLIST_FILE = YES;
				"INFOPLIST_KEY_UIApplicationSceneManifest_Generation[sdk=iphoneos*]" = YES;
				"INFOPLIST_KEY_UIApplicationSceneManifest_Generation[sdk=iphonesimulator*]" = YES;
				"INFOPLIST_KEY_UIApplicationSupportsIndirectInputEvents[sdk=iphoneos*]" = YES;
				"INFOPLIST_KEY_UIApplicationSupportsIndirectInputEvents[sdk=iphonesimulator*]" = YES;
				"INFOPLIST_KEY_UILaunchScreen_Generation[sdk=iphoneos*]" = YES;
				"INFOPLIST_KEY_UILaunchScreen_Generation[sdk=iphonesimulator*]" = YES;
				"INFOPLIST_KEY_UIStatusBarStyle[sdk=iphoneos*]" = UIStatusBarStyleDefault;
				"INFOPLIST_KEY_UIStatusBarStyle[sdk=iphonesimulator*]" = UIStatusBarStyleDefault;
				INFOPLIST_KEY_UISupportedInterfaceOrientations_iPad = "UIInterfaceOrientationPortrait UIInterfaceOrientationPortraitUpsideDown UIInterfaceOrientationLandscapeLeft UIInterfaceOrientationLandscapeRight";
				INFOPLIST_KEY_UISupportedInterfaceOrientations_iPhone = "UIInterfaceOrientationPortrait UIInterfaceOrientationLandscapeLeft UIInterfaceOrientationLandscapeRight";
				IPHONEOS_DEPLOYMENT_TARGET = 18.5;
				LD_RUNPATH_SEARCH_PATHS = "@executable_path/Frameworks";
				"LD_RUNPATH_SEARCH_PATHS[sdk=macosx*]" = "@executable_path/../Frameworks";
				MACOSX_DEPLOYMENT_TARGET = 15.3;
				MARKETING_VERSION = 1.0;
				PRODUCT_BUNDLE_IDENTIFIER = com.chrisscotto.ArkadTrader;
				PRODUCT_NAME = "$(TARGET_NAME)";
				REGISTER_APP_GROUPS = YES;
				SDKROOT = auto;
				SUPPORTED_PLATFORMS = "iphoneos iphonesimulator macosx xros xrsimulator";
				SWIFT_EMIT_LOC_STRINGS = YES;
				SWIFT_VERSION = 5.0;
				TARGETED_DEVICE_FAMILY = "1,2,7";
				XROS_DEPLOYMENT_TARGET = 2.5;
			};
			name = Debug;
		};
		CE6AB6B82DF7D0B0006085B4 /* Release */ = {
			isa = XCBuildConfiguration;
			buildSettings = {
				ASSETCATALOG_COMPILER_APPICON_NAME = AppIcon;
				ASSETCATALOG_COMPILER_GLOBAL_ACCENT_COLOR_NAME = AccentColor;
				CODE_SIGN_ENTITLEMENTS = ArkadTrader.entitlements;
				"CODE_SIGN_IDENTITY[sdk=macosx*]" = "-";
				CODE_SIGN_STYLE = Automatic;
				CURRENT_PROJECT_VERSION = 1;
				DEVELOPMENT_TEAM = YK2X4PS574;
				ENABLE_HARDENED_RUNTIME = YES;
				ENABLE_PREVIEWS = YES;
				GENERATE_INFOPLIST_FILE = YES;
				"INFOPLIST_KEY_UIApplicationSceneManifest_Generation[sdk=iphoneos*]" = YES;
				"INFOPLIST_KEY_UIApplicationSceneManifest_Generation[sdk=iphonesimulator*]" = YES;
				"INFOPLIST_KEY_UIApplicationSupportsIndirectInputEvents[sdk=iphoneos*]" = YES;
				"INFOPLIST_KEY_UIApplicationSupportsIndirectInputEvents[sdk=iphonesimulator*]" = YES;
				"INFOPLIST_KEY_UILaunchScreen_Generation[sdk=iphoneos*]" = YES;
				"INFOPLIST_KEY_UILaunchScreen_Generation[sdk=iphonesimulator*]" = YES;
				"INFOPLIST_KEY_UIStatusBarStyle[sdk=iphoneos*]" = UIStatusBarStyleDefault;
				"INFOPLIST_KEY_UIStatusBarStyle[sdk=iphonesimulator*]" = UIStatusBarStyleDefault;
				INFOPLIST_KEY_UISupportedInterfaceOrientations_iPad = "UIInterfaceOrientationPortrait UIInterfaceOrientationPortraitUpsideDown UIInterfaceOrientationLandscapeLeft UIInterfaceOrientationLandscapeRight";
				INFOPLIST_KEY_UISupportedInterfaceOrientations_iPhone = "UIInterfaceOrientationPortrait UIInterfaceOrientationLandscapeLeft UIInterfaceOrientationLandscapeRight";
				IPHONEOS_DEPLOYMENT_TARGET = 18.5;
				LD_RUNPATH_SEARCH_PATHS = "@executable_path/Frameworks";
				"LD_RUNPATH_SEARCH_PATHS[sdk=macosx*]" = "@executable_path/../Frameworks";
				MACOSX_DEPLOYMENT_TARGET = 15.3;
				MARKETING_VERSION = 1.0;
				PRODUCT_BUNDLE_IDENTIFIER = com.chrisscotto.ArkadTrader;
				PRODUCT_NAME = "$(TARGET_NAME)";
				REGISTER_APP_GROUPS = YES;
				SDKROOT = auto;
				SUPPORTED_PLATFORMS = "iphoneos iphonesimulator macosx xros xrsimulator";
				SWIFT_EMIT_LOC_STRINGS = YES;
				SWIFT_VERSION = 5.0;
				TARGETED_DEVICE_FAMILY = "1,2,7";
				XROS_DEPLOYMENT_TARGET = 2.5;
			};
			name = Release;
		};
		CE6AB6BA2DF7D0B0006085B4 /* Debug */ = {
			isa = XCBuildConfiguration;
			buildSettings = {
				BUNDLE_LOADER = "$(TEST_HOST)";
				CODE_SIGN_IDENTITY = "Apple Development";
				CODE_SIGN_STYLE = Automatic;
				CURRENT_PROJECT_VERSION = 1;
				DEVELOPMENT_TEAM = YK2X4PS574;
				GENERATE_INFOPLIST_FILE = YES;
				IPHONEOS_DEPLOYMENT_TARGET = 18.5;
				MACOSX_DEPLOYMENT_TARGET = 15.3;
				MARKETING_VERSION = 1.0;
				PRODUCT_BUNDLE_IDENTIFIER = Arkad.ArkadTraderTests;
				PRODUCT_NAME = "$(TARGET_NAME)";
				PROVISIONING_PROFILE_SPECIFIER = "";
				SDKROOT = auto;
				SUPPORTED_PLATFORMS = "iphoneos iphonesimulator macosx xros xrsimulator";
				SWIFT_EMIT_LOC_STRINGS = NO;
				SWIFT_VERSION = 5.0;
				TARGETED_DEVICE_FAMILY = "1,2,7";
				TEST_HOST = "$(BUILT_PRODUCTS_DIR)/ArkadTrader.app/$(BUNDLE_EXECUTABLE_FOLDER_PATH)/ArkadTrader";
				XROS_DEPLOYMENT_TARGET = 2.5;
			};
			name = Debug;
		};
		CE6AB6BB2DF7D0B0006085B4 /* Release */ = {
			isa = XCBuildConfiguration;
			buildSettings = {
				BUNDLE_LOADER = "$(TEST_HOST)";
				CODE_SIGN_IDENTITY = "Apple Development";
				CODE_SIGN_STYLE = Automatic;
				CURRENT_PROJECT_VERSION = 1;
				DEVELOPMENT_TEAM = YK2X4PS574;
				GENERATE_INFOPLIST_FILE = YES;
				IPHONEOS_DEPLOYMENT_TARGET = 18.5;
				MACOSX_DEPLOYMENT_TARGET = 15.3;
				MARKETING_VERSION = 1.0;
				PRODUCT_BUNDLE_IDENTIFIER = Arkad.ArkadTraderTests;
				PRODUCT_NAME = "$(TARGET_NAME)";
				PROVISIONING_PROFILE_SPECIFIER = "";
				SDKROOT = auto;
				SUPPORTED_PLATFORMS = "iphoneos iphonesimulator macosx xros xrsimulator";
				SWIFT_EMIT_LOC_STRINGS = NO;
				SWIFT_VERSION = 5.0;
				TARGETED_DEVICE_FAMILY = "1,2,7";
				TEST_HOST = "$(BUILT_PRODUCTS_DIR)/ArkadTrader.app/$(BUNDLE_EXECUTABLE_FOLDER_PATH)/ArkadTrader";
				XROS_DEPLOYMENT_TARGET = 2.5;
			};
			name = Release;
		};
		CE6AB6BD2DF7D0B0006085B4 /* Debug */ = {
			isa = XCBuildConfiguration;
			buildSettings = {
				CODE_SIGN_STYLE = Automatic;
				CURRENT_PROJECT_VERSION = 1;
				DEVELOPMENT_TEAM = YK2X4PS574;
				GENERATE_INFOPLIST_FILE = YES;
				IPHONEOS_DEPLOYMENT_TARGET = 18.5;
				MACOSX_DEPLOYMENT_TARGET = 15.3;
				MARKETING_VERSION = 1.0;
				PRODUCT_BUNDLE_IDENTIFIER = Arkad.ArkadTraderUITests;
				PRODUCT_NAME = "$(TARGET_NAME)";
				SDKROOT = auto;
				SUPPORTED_PLATFORMS = "iphoneos iphonesimulator macosx xros xrsimulator";
				SWIFT_EMIT_LOC_STRINGS = NO;
				SWIFT_VERSION = 5.0;
				TARGETED_DEVICE_FAMILY = "1,2,7";
				TEST_TARGET_NAME = ArkadTrader;
				XROS_DEPLOYMENT_TARGET = 2.5;
			};
			name = Debug;
		};
		CE6AB6BE2DF7D0B0006085B4 /* Release */ = {
			isa = XCBuildConfiguration;
			buildSettings = {
				CODE_SIGN_STYLE = Automatic;
				CURRENT_PROJECT_VERSION = 1;
				DEVELOPMENT_TEAM = YK2X4PS574;
				GENERATE_INFOPLIST_FILE = YES;
				IPHONEOS_DEPLOYMENT_TARGET = 18.5;
				MACOSX_DEPLOYMENT_TARGET = 15.3;
				MARKETING_VERSION = 1.0;
				PRODUCT_BUNDLE_IDENTIFIER = Arkad.ArkadTraderUITests;
				PRODUCT_NAME = "$(TARGET_NAME)";
				SDKROOT = auto;
				SUPPORTED_PLATFORMS = "iphoneos iphonesimulator macosx xros xrsimulator";
				SWIFT_EMIT_LOC_STRINGS = NO;
				SWIFT_VERSION = 5.0;
				TARGETED_DEVICE_FAMILY = "1,2,7";
				TEST_TARGET_NAME = ArkadTrader;
				XROS_DEPLOYMENT_TARGET = 2.5;
			};
			name = Release;
		};
/* End XCBuildConfiguration section */

/* Begin XCConfigurationList section */
		CE6AB68F2DF7D0AE006085B4 /* Build configuration list for PBXProject "ArkadTrader" */ = {
			isa = XCConfigurationList;
			buildConfigurations = (
				CE6AB6B42DF7D0B0006085B4 /* Debug */,
				CE6AB6B52DF7D0B0006085B4 /* Release */,
			);
			defaultConfigurationIsVisible = 0;
			defaultConfigurationName = Release;
		};
		CE6AB6B62DF7D0B0006085B4 /* Build configuration list for PBXNativeTarget "ArkadTrader" */ = {
			isa = XCConfigurationList;
			buildConfigurations = (
				CE6AB6B72DF7D0B0006085B4 /* Debug */,
				CE6AB6B82DF7D0B0006085B4 /* Release */,
			);
			defaultConfigurationIsVisible = 0;
			defaultConfigurationName = Release;
		};
		CE6AB6B92DF7D0B0006085B4 /* Build configuration list for PBXNativeTarget "ArkadTraderTests" */ = {
			isa = XCConfigurationList;
			buildConfigurations = (
				CE6AB6BA2DF7D0B0006085B4 /* Debug */,
				CE6AB6BB2DF7D0B0006085B4 /* Release */,
			);
			defaultConfigurationIsVisible = 0;
			defaultConfigurationName = Release;
		};
		CE6AB6BC2DF7D0B0006085B4 /* Build configuration list for PBXNativeTarget "ArkadTraderUITests" */ = {
			isa = XCConfigurationList;
			buildConfigurations = (
				CE6AB6BD2DF7D0B0006085B4 /* Debug */,
				CE6AB6BE2DF7D0B0006085B4 /* Release */,
			);
			defaultConfigurationIsVisible = 0;
			defaultConfigurationName = Release;
		};
/* End XCConfigurationList section */

/* Begin XCRemoteSwiftPackageReference section */
		CED445452E1572400056B849 /* XCRemoteSwiftPackageReference "firebase-ios-sdk" */ = {
			isa = XCRemoteSwiftPackageReference;
			repositoryURL = "https://github.com/firebase/firebase-ios-sdk";
			requirement = {
				kind = upToNextMajorVersion;
				minimumVersion = 11.15.0;
			};
		};
/* End XCRemoteSwiftPackageReference section */

/* Begin XCSwiftPackageProductDependency section */
		CECE0B632E15794800C28AA3 /* FirebaseAnalyticsWithoutAdIdSupport */ = {
			isa = XCSwiftPackageProductDependency;
			package = CED445452E1572400056B849 /* XCRemoteSwiftPackageReference "firebase-ios-sdk" */;
			productName = FirebaseAnalyticsWithoutAdIdSupport;
		};
		CED445462E1572400056B849 /* FirebaseAnalytics */ = {
			isa = XCSwiftPackageProductDependency;
			package = CED445452E1572400056B849 /* XCRemoteSwiftPackageReference "firebase-ios-sdk" */;
			productName = FirebaseAnalytics;
		};
		CED445482E1572400056B849 /* FirebaseAuth */ = {
			isa = XCSwiftPackageProductDependency;
			package = CED445452E1572400056B849 /* XCRemoteSwiftPackageReference "firebase-ios-sdk" */;
			productName = FirebaseAuth;
		};
		CED4454A2E1572400056B849 /* FirebaseFirestore */ = {
			isa = XCSwiftPackageProductDependency;
			package = CED445452E1572400056B849 /* XCRemoteSwiftPackageReference "firebase-ios-sdk" */;
			productName = FirebaseFirestore;
		};
		CED4454C2E1572400056B849 /* FirebaseStorage */ = {
			isa = XCSwiftPackageProductDependency;
			package = CED445452E1572400056B849 /* XCRemoteSwiftPackageReference "firebase-ios-sdk" */;
			productName = FirebaseStorage;
		};
		CEF6CD5B2E1AFCA10004FD4F /* FirebaseStorageCombine-Community */ = {
			isa = XCSwiftPackageProductDependency;
			package = CED445452E1572400056B849 /* XCRemoteSwiftPackageReference "firebase-ios-sdk" */;
			productName = "FirebaseStorageCombine-Community";
		};
/* End XCSwiftPackageProductDependency section */
	};
	rootObject = CE6AB68C2DF7D0AE006085B4 /* Project object */;
}
